
Microsoft Visual Studio Solution File, Format Version 12.00
# Visual Studio 15
VisualStudioVersion = 15.0.28307.779
MinimumVisualStudioVersion = 10.0.40219.1
Project("{F184B08F-C81C-45F6-A57F-5ABD9991F28F}") = "closeForm", "closeForm\closeForm.vbproj", "{BA19CCCA-F7E7-48F5-90BB-3BB15967429C}"
EndProject
Global
	GlobalSection(SolutionConfigurationPlatforms) = preSolution
		Debug|Any CPU = Debug|Any CPU
		Release|Any CPU = Release|Any CPU
	EndGlobalSection
	GlobalSection(ProjectConfigurationPlatforms) = postSolution
		{BA19CCCA-F7E7-48F5-90BB-3BB15967429C}.Debug|Any CPU.ActiveCfg = Debug|Any CPU
		{BA19CCCA-F7E7-48F5-90BB-3BB15967429C}.Debug|Any CPU.Build.0 = Debug|Any CPU
		{BA19CCCA-F7E7-48F5-90BB-3BB15967429C}.Release|Any CPU.ActiveCfg = Release|Any CPU
		{BA19CCCA-F7E7-48F5-90BB-3BB15967429C}.Release|Any CPU.Build.0 = Release|Any CPU
	EndGlobalSection
	GlobalSection(SolutionProperties) = preSolution
		HideSolutionNode = FALSE
	EndGlobalSection
	GlobalSection(ExtensibilityGlobals) = postSolution
		SolutionGuid = {4FA61C17-97FB-45D9-9685-3F24DD58A1DF}
	EndGlobalSection
EndGlobal
